
Microsoft Visual Studio Solution File, Format Version 12.00
# Visual Studio Version 16
VisualStudioVersion = 16.0.29503.13
MinimumVisualStudioVersion = 10.0.40219.1
Project("{8BC9CEB8-8B4A-11D0-8D11-00A0C91BC942}") = "ASM", "ASM\ASM.vcxproj", "{CB9AF429-8C77-450F-BB20-6E4C05FBF688}"
EndProject
Global
	GlobalSection(SolutionConfigurationPlatforms) = preSolution
		Debug|x64 = Debug|x64
		Debug|x86 = Debug|x86
		Release|x64 = Release|x64
		Release|x86 = Release|x86
	EndGlobalSection
	GlobalSection(ProjectConfigurationPlatforms) = postSolution
		{CB9AF429-8C77-450F-BB20-6E4C05FBF688}.Debug|x64.ActiveCfg = Debug|x64
		{CB9AF429-8C77-450F-BB20-6E4C05FBF688}.Debug|x64.Build.0 = Debug|x64
		{CB9AF429-8C77-450F-BB20-6E4C05FBF688}.Debug|x86.ActiveCfg = Debug|Win32
		{CB9AF429-8C77-450F-BB20-6E4C05FBF688}.Debug|x86.Build.0 = Debug|Win32
		{CB9AF429-8C77-450F-BB20-6E4C05FBF688}.Release|x64.ActiveCfg = Release|x64
		{CB9AF429-8C77-450F-BB20-6E4C05FBF688}.Release|x64.Build.0 = Release|x64
		{CB9AF429-8C77-450F-BB20-6E4C05FBF688}.Release|x86.ActiveCfg = Release|Win32
		{CB9AF429-8C77-450F-BB20-6E4C05FBF688}.Release|x86.Build.0 = Release|Win32
	EndGlobalSection
	GlobalSection(SolutionProperties) = preSolution
		HideSolutionNode = FALSE
	EndGlobalSection
	GlobalSection(ExtensibilityGlobals) = postSolution
		SolutionGuid = {36D5D617-C9B6-418B-A60F-F5A695034C38}
	EndGlobalSection
EndGlobal
